schema: '2.0'
stages:
  data_ingestion:
    cmd: python src/cnnClassifier/pipeline/stage_01_data_ingestion.py
    deps:
    - path: config/config.yaml
      hash: md5
      md5: 00c38d7b7685feb275e691e2a8669875
      size: 615
    - path: src/cnnClassifier/pipeline/stage_01_data_ingestion.py
      hash: md5
      md5: 8c5d36c46e414b8ed03ac9bf20562c2a
      size: 912
    outs:
    - path: artifacts/data_ingestion/Covid19-dataset
      hash: md5
      md5: 8df6b8657cc9ed0c906cb3d295bdc732.dir
      size: 169642021
      nfiles: 317
  prepare_base_model:
    cmd: python src/cnnClassifier/pipeline/stage_02_prepare_base_model.py
    deps:
    - path: config/config.yaml
      hash: md5
      md5: 00c38d7b7685feb275e691e2a8669875
      size: 615
    - path: src/cnnClassifier/pipeline/stage_02_prepare_base_model.py
      hash: md5
      md5: 3f41e803ec587c6a0908792b396af1ff
      size: 997
    params:
      params.yaml:
        CLASSES: 3
        IMAGE_SIZE:
        - 224
        - 224
        - 3
        INCLUDE_TOP: false
        LEARNING_RATE: 0.01
        WEIGHTS: imagenet
    outs:
    - path: artifacts/prepare_base_model
      hash: md5
      md5: b11c91b41625c020218e44ae4594f6ae.dir
      size: 118154912
      nfiles: 2
  training:
    cmd: python src/cnnClassifier/pipeline/stage_03_model_trainer.py
    deps:
    - path: artifacts/data_ingestion/Covid19-dataset
      hash: md5
      md5: 8df6b8657cc9ed0c906cb3d295bdc732.dir
      size: 169642021
      nfiles: 317
    - path: artifacts/prepare_base_model
      hash: md5
      md5: b11c91b41625c020218e44ae4594f6ae.dir
      size: 118154912
      nfiles: 2
    - path: config/config.yaml
      hash: md5
      md5: 00c38d7b7685feb275e691e2a8669875
      size: 615
    - path: src/cnnClassifier/pipeline/stage_03_model_trainer.py
      hash: md5
      md5: eccab51017c8f692e4c4f351878280b8
      size: 961
    params:
      params.yaml:
        AUGMENTATION: true
        BATCH_SIZE: 16
        EPOCHS: 1
        IMAGE_SIZE:
        - 224
        - 224
        - 3
    outs:
    - path: artifacts/training/model.h5
      hash: md5
      md5: ad919fafc3d074883c2780b4b71dee6b
      size: 59538224
  evaluation:
    cmd: python src/cnnClassifier/pipeline/stage_04_model_evaluation.py
    deps:
    - path: artifacts/data_ingestion/Covid19-dataset
      hash: md5
      md5: 8df6b8657cc9ed0c906cb3d295bdc732.dir
      size: 169642021
      nfiles: 317
    - path: artifacts/training/model.h5
      hash: md5
      md5: 69e3c1abfc46e5ea3209c5c23fc04f46
      size: 59538224
    - path: config/config.yaml
      hash: md5
      md5: 00c38d7b7685feb275e691e2a8669875
      size: 615
    - path: src/cnnClassifier/pipeline/stage_04_model_evaluation.py
      hash: md5
      md5: e5acfe1c4e9e0a3f116bebf9898cb1ee
      size: 938
    params:
      params.yaml:
        BATCH_SIZE: 16
        IMAGE_SIZE:
        - 224
        - 224
        - 3
    outs:
    - path: scores.json
      hash: md5
      md5: 78662577d044739e29882e34b335c7a2
      size: 72
